// !$*UTF8*$!
{
	archiveVersion = 1;
	classes = {
	};
	objectVersion = 55;
	objects = {

/* Begin PBXBuildFile section */
		AA0B41522A41A27A00AC1C63 /* JSONFileManager.swift in Sources */ = {isa = PBXBuildFile; fileRef = AA0B41512A41A27A00AC1C63 /* JSONFileManager.swift */; };
		AA0B41542A41FA9500AC1C63 /* AddFoodView.swift in Sources */ = {isa = PBXBuildFile; fileRef = AA0B41532A41FA9500AC1C63 /* AddFoodView.swift */; };
		AA0B41572A422AEA00AC1C63 /* RecordViewModel.swift in Sources */ = {isa = PBXBuildFile; fileRef = AA0B41562A422AEA00AC1C63 /* RecordViewModel.swift */; };
		AA1A0F682AAC3BE900CCEA09 /* BookViewModel.swift in Sources */ = {isa = PBXBuildFile; fileRef = AA1A0F672AAC3BE900CCEA09 /* BookViewModel.swift */; };
		AA1A0F6A2AAC50E300CCEA09 /* CreatureInBook.swift in Sources */ = {isa = PBXBuildFile; fileRef = AA1A0F692AAC50E300CCEA09 /* CreatureInBook.swift */; };
		AA2E6A2D2A08D19500C668AC /* food.json in Resources */ = {isa = PBXBuildFile; fileRef = AA2E6A2C2A08D19500C668AC /* food.json */; };
		AA46CD902B1B10C700D32A83 /* AvatarColors.swift in Sources */ = {isa = PBXBuildFile; fileRef = AA46CD8F2B1B10C700D32A83 /* AvatarColors.swift */; };
		AA46CD922B1B41C200D32A83 /* EditUserView.swift in Sources */ = {isa = PBXBuildFile; fileRef = AA46CD912B1B41C200D32A83 /* EditUserView.swift */; };
		AA46CD962B1B83C900D32A83 /* TestContentView.swift in Sources */ = {isa = PBXBuildFile; fileRef = AA46CD952B1B83C900D32A83 /* TestContentView.swift */; };
		AA46CD982B1B856200D32A83 /* MyViewController.swift in Sources */ = {isa = PBXBuildFile; fileRef = AA46CD972B1B856200D32A83 /* MyViewController.swift */; };
		AA46CD9B2B1C079600D32A83 /* AddFoodTypeView.swift in Sources */ = {isa = PBXBuildFile; fileRef = AA46CD9A2B1C079600D32A83 /* AddFoodTypeView.swift */; };
		AA46CD9D2B1C08BE00D32A83 /* FoodTypeViewModel.swift in Sources */ = {isa = PBXBuildFile; fileRef = AA46CD9C2B1C08BE00D32A83 /* FoodTypeViewModel.swift */; };
		AA4BB33129FCBB8D00F10479 /* rainbowlApp.swift in Sources */ = {isa = PBXBuildFile; fileRef = AA4BB33029FCBB8D00F10479 /* rainbowlApp.swift */; };
		AA4BB33829FCBB9000F10479 /* Preview Assets.xcassets in Resources */ = {isa = PBXBuildFile; fileRef = AA4BB33729FCBB9000F10479 /* Preview Assets.xcassets */; };
		AA4BB34529FCBD7D00F10479 /* ContentView.swift in Sources */ = {isa = PBXBuildFile; fileRef = AA4BB34429FCBD7D00F10479 /* ContentView.swift */; };
		AA4BB34829FCD67C00F10479 /* RecordView.swift in Sources */ = {isa = PBXBuildFile; fileRef = AA4BB34729FCD67C00F10479 /* RecordView.swift */; };
		AA4BB34B29FCE9BE00F10479 /* ColorListView.swift in Sources */ = {isa = PBXBuildFile; fileRef = AA4BB34A29FCE9BE00F10479 /* ColorListView.swift */; };
		AA5D0E982A4417CC002A32DC /* GameView.swift in Sources */ = {isa = PBXBuildFile; fileRef = AA5D0E972A4417CC002A32DC /* GameView.swift */; };
		AA5D0E9B2A46C5D6002A32DC /* SettingView.swift in Sources */ = {isa = PBXBuildFile; fileRef = AA5D0E9A2A46C5D6002A32DC /* SettingView.swift */; };
		AA5D0E9E2A481125002A32DC /* DateChangeViewModel.swift in Sources */ = {isa = PBXBuildFile; fileRef = AA5D0E9D2A481125002A32DC /* DateChangeViewModel.swift */; };
		AA5D0EA02A48B961002A32DC /* FetchRecordViewMode.swift in Sources */ = {isa = PBXBuildFile; fileRef = AA5D0E9F2A48B961002A32DC /* FetchRecordViewMode.swift */; };
		AA5D0EA22A49F36B002A32DC /* BackpackView.swift in Sources */ = {isa = PBXBuildFile; fileRef = AA5D0EA12A49F36B002A32DC /* BackpackView.swift */; };
		AA5D0EA42A49F4DD002A32DC /* BookView.swift in Sources */ = {isa = PBXBuildFile; fileRef = AA5D0EA32A49F4DD002A32DC /* BookView.swift */; };
		AA5D0EA82A4A17C3002A32DC /* TabBarView.swift in Sources */ = {isa = PBXBuildFile; fileRef = AA5D0EA72A4A17C3002A32DC /* TabBarView.swift */; };
		AA5D0EAA2A4A1894002A32DC /* ItemsView.swift in Sources */ = {isa = PBXBuildFile; fileRef = AA5D0EA92A4A1894002A32DC /* ItemsView.swift */; };
		AA8CD4E22B19787D00F32D63 /* SocialView.swift in Sources */ = {isa = PBXBuildFile; fileRef = AA8CD4E12B19787D00F32D63 /* SocialView.swift */; };
		AA8CD4E42B197EA600F32D63 /* SearchBar.swift in Sources */ = {isa = PBXBuildFile; fileRef = AA8CD4E32B197EA600F32D63 /* SearchBar.swift */; };
		AA8CD4E62B19811E00F32D63 /* Extensions.swift in Sources */ = {isa = PBXBuildFile; fileRef = AA8CD4E52B19811E00F32D63 /* Extensions.swift */; };
		AA8CD4E82B19A53C00F32D63 /* UserListView.swift in Sources */ = {isa = PBXBuildFile; fileRef = AA8CD4E72B19A53C00F32D63 /* UserListView.swift */; };
		AA8CD4EA2B19A7A600F32D63 /* UserItem.swift in Sources */ = {isa = PBXBuildFile; fileRef = AA8CD4E92B19A7A600F32D63 /* UserItem.swift */; };
		AA8CD4EC2B19AA2200F32D63 /* SearchUserViewModel.swift in Sources */ = {isa = PBXBuildFile; fileRef = AA8CD4EB2B19AA2200F32D63 /* SearchUserViewModel.swift */; };
		AA8CD4EE2B19B22B00F32D63 /* SocialGameView.swift in Sources */ = {isa = PBXBuildFile; fileRef = AA8CD4ED2B19B22B00F32D63 /* SocialGameView.swift */; };
		AA8CD4F02B19C58000F32D63 /* LazyView.swift in Sources */ = {isa = PBXBuildFile; fileRef = AA8CD4EF2B19C58000F32D63 /* LazyView.swift */; };
		AA8CD4F22B19D2DB00F32D63 /* GameSnapshotView.swift in Sources */ = {isa = PBXBuildFile; fileRef = AA8CD4F12B19D2DB00F32D63 /* GameSnapshotView.swift */; };
		AA8CD4F42B1ACE3200F32D63 /* AvatarView.swift in Sources */ = {isa = PBXBuildFile; fileRef = AA8CD4F32B1ACE3200F32D63 /* AvatarView.swift */; };
		AA8F08832A0005540069D180 /* FoodListView.swift in Sources */ = {isa = PBXBuildFile; fileRef = AA8F08822A0005540069D180 /* FoodListView.swift */; };
		AA8F08882A0171890069D180 /* FirebaseFirestore in Frameworks */ = {isa = PBXBuildFile; productRef = AA8F08872A0171890069D180 /* FirebaseFirestore */; };
		AA8F088A2A0171890069D180 /* FirebaseFunctions in Frameworks */ = {isa = PBXBuildFile; productRef = AA8F08892A0171890069D180 /* FirebaseFunctions */; };
		AA8F088C2A0171890069D180 /* FirebaseMessaging in Frameworks */ = {isa = PBXBuildFile; productRef = AA8F088B2A0171890069D180 /* FirebaseMessaging */; };
		AA8F088E2A0171890069D180 /* FirebaseStorage in Frameworks */ = {isa = PBXBuildFile; productRef = AA8F088D2A0171890069D180 /* FirebaseStorage */; };
		AA8F08912A01723A0069D180 /* Kingfisher in Frameworks */ = {isa = PBXBuildFile; productRef = AA8F08902A01723A0069D180 /* Kingfisher */; };
		AA8F08932A0173210069D180 /* GoogleService-Info.plist in Resources */ = {isa = PBXBuildFile; fileRef = AA8F08922A0173210069D180 /* GoogleService-Info.plist */; };
		AA8F08962A0205970069D180 /* RegistrationView.swift in Sources */ = {isa = PBXBuildFile; fileRef = AA8F08952A0205970069D180 /* RegistrationView.swift */; };
		AA8F08982A0205AA0069D180 /* LoginView.swift in Sources */ = {isa = PBXBuildFile; fileRef = AA8F08972A0205AA0069D180 /* LoginView.swift */; };
		AA8F08C02A0342400069D180 /* ResetPasswordView.swift in Sources */ = {isa = PBXBuildFile; fileRef = AA8F08BF2A0342400069D180 /* ResetPasswordView.swift */; };
		AA8F08C32A03AFE20069D180 /* AuthViewModel.swift in Sources */ = {isa = PBXBuildFile; fileRef = AA8F08C22A03AFE20069D180 /* AuthViewModel.swift */; };
		AAAF10512A42CDE700429BF8 /* RecordItemView.swift in Sources */ = {isa = PBXBuildFile; fileRef = AAAF10502A42CDE700429BF8 /* RecordItemView.swift */; };
		AAAF10532A42CE8F00429BF8 /* Record.swift in Sources */ = {isa = PBXBuildFile; fileRef = AAAF10522A42CE8F00429BF8 /* Record.swift */; };
		AAB423882AA4AAD30031DADF /* BookItemsView.swift in Sources */ = {isa = PBXBuildFile; fileRef = AAB423872AA4AAD30031DADF /* BookItemsView.swift */; };
		AABBDFB62A53162000FB6CCD /* Assets.xcassets in Resources */ = {isa = PBXBuildFile; fileRef = AABBDFB52A53162000FB6CCD /* Assets.xcassets */; };
		AAD109FB2A05422900DB02E3 /* Constants.swift in Sources */ = {isa = PBXBuildFile; fileRef = AAD109FA2A05422900DB02E3 /* Constants.swift */; };
		AAD109FD2A05554200DB02E3 /* User.swift in Sources */ = {isa = PBXBuildFile; fileRef = AAD109FC2A05554200DB02E3 /* User.swift */; };
		AAD10A002A0570C000DB02E3 /* FirebaseAuth in Frameworks */ = {isa = PBXBuildFile; productRef = AAD109FF2A0570C000DB02E3 /* FirebaseAuth */; };
		AAD10A022A0570C000DB02E3 /* FirebaseFirestore in Frameworks */ = {isa = PBXBuildFile; productRef = AAD10A012A0570C000DB02E3 /* FirebaseFirestore */; };
		AAD10A042A0570C000DB02E3 /* FirebaseFirestoreSwift in Frameworks */ = {isa = PBXBuildFile; productRef = AAD10A032A0570C000DB02E3 /* FirebaseFirestoreSwift */; };
		AAD10A062A0570C000DB02E3 /* FirebaseFunctions in Frameworks */ = {isa = PBXBuildFile; productRef = AAD10A052A0570C000DB02E3 /* FirebaseFunctions */; };
		AAD10A082A0570C000DB02E3 /* FirebaseMessaging in Frameworks */ = {isa = PBXBuildFile; productRef = AAD10A072A0570C000DB02E3 /* FirebaseMessaging */; };
		AAD10A0A2A0570C000DB02E3 /* FirebaseStorage in Frameworks */ = {isa = PBXBuildFile; productRef = AAD10A092A0570C000DB02E3 /* FirebaseStorage */; };
		AAD10A102A0682F200DB02E3 /* CalendarView.swift in Sources */ = {isa = PBXBuildFile; fileRef = AAD10A0F2A0682F200DB02E3 /* CalendarView.swift */; };
		AAD10A122A06830100DB02E3 /* ShopView.swift in Sources */ = {isa = PBXBuildFile; fileRef = AAD10A112A06830100DB02E3 /* ShopView.swift */; };
		AAD10A142A06831200DB02E3 /* CollectionView.swift in Sources */ = {isa = PBXBuildFile; fileRef = AAD10A132A06831200DB02E3 /* CollectionView.swift */; };
		AAD10A162A06B09B00DB02E3 /* MainTabView.swift in Sources */ = {isa = PBXBuildFile; fileRef = AAD10A152A06B09B00DB02E3 /* MainTabView.swift */; };
		AAD21DB22A41957A00DB1CE7 /* Food.swift in Sources */ = {isa = PBXBuildFile; fileRef = AAD21DB12A41957A00DB1CE7 /* Food.swift */; };
		AAD477052A4AE15900F57A46 /* creature.json in Resources */ = {isa = PBXBuildFile; fileRef = AAD477042A4AE15900F57A46 /* creature.json */; };
		AAD477072A4B23AE00F57A46 /* Creature.swift in Sources */ = {isa = PBXBuildFile; fileRef = AAD477062A4B23AE00F57A46 /* Creature.swift */; };
		AAD4770A2A4B6B1D00F57A46 /* BackpackViewModel.swift in Sources */ = {isa = PBXBuildFile; fileRef = AAD477092A4B6B1D00F57A46 /* BackpackViewModel.swift */; };
		AAD4770C2A4BEB8C00F57A46 /* CreatureInUse.swift in Sources */ = {isa = PBXBuildFile; fileRef = AAD4770B2A4BEB8C00F57A46 /* CreatureInUse.swift */; };
		AAD4770E2A4CC5C000F57A46 /* CreatureProduct.swift in Sources */ = {isa = PBXBuildFile; fileRef = AAD4770D2A4CC5C000F57A46 /* CreatureProduct.swift */; };
/* End PBXBuildFile section */

/* Begin PBXFileReference section */
		AA0B41512A41A27A00AC1C63 /* JSONFileManager.swift */ = {isa = PBXFileReference; lastKnownFileType = sourcecode.swift; path = JSONFileManager.swift; sourceTree = "<group>"; };
		AA0B41532A41FA9500AC1C63 /* AddFoodView.swift */ = {isa = PBXFileReference; lastKnownFileType = sourcecode.swift; path = AddFoodView.swift; sourceTree = "<group>"; };
		AA0B41562A422AEA00AC1C63 /* RecordViewModel.swift */ = {isa = PBXFileReference; lastKnownFileType = sourcecode.swift; path = RecordViewModel.swift; sourceTree = "<group>"; };
		AA1A0F672AAC3BE900CCEA09 /* BookViewModel.swift */ = {isa = PBXFileReference; lastKnownFileType = sourcecode.swift; path = BookViewModel.swift; sourceTree = "<group>"; };
		AA1A0F692AAC50E300CCEA09 /* CreatureInBook.swift */ = {isa = PBXFileReference; lastKnownFileType = sourcecode.swift; path = CreatureInBook.swift; sourceTree = "<group>"; };
		AA2E6A2C2A08D19500C668AC /* food.json */ = {isa = PBXFileReference; lastKnownFileType = text.json; path = food.json; sourceTree = "<group>"; };
		AA3269512B08B21E0038BE8B /* Info.plist */ = {isa = PBXFileReference; lastKnownFileType = text.plist.xml; path = Info.plist; sourceTree = "<group>"; };
		AA46CD8F2B1B10C700D32A83 /* AvatarColors.swift */ = {isa = PBXFileReference; lastKnownFileType = sourcecode.swift; path = AvatarColors.swift; sourceTree = "<group>"; };
		AA46CD912B1B41C200D32A83 /* EditUserView.swift */ = {isa = PBXFileReference; lastKnownFileType = sourcecode.swift; path = EditUserView.swift; sourceTree = "<group>"; };
		AA46CD952B1B83C900D32A83 /* TestContentView.swift */ = {isa = PBXFileReference; lastKnownFileType = sourcecode.swift; path = TestContentView.swift; sourceTree = "<group>"; };
		AA46CD972B1B856200D32A83 /* MyViewController.swift */ = {isa = PBXFileReference; lastKnownFileType = sourcecode.swift; path = MyViewController.swift; sourceTree = "<group>"; };
		AA46CD9A2B1C079600D32A83 /* AddFoodTypeView.swift */ = {isa = PBXFileReference; lastKnownFileType = sourcecode.swift; path = AddFoodTypeView.swift; sourceTree = "<group>"; };
		AA46CD9C2B1C08BE00D32A83 /* FoodTypeViewModel.swift */ = {isa = PBXFileReference; lastKnownFileType = sourcecode.swift; path = FoodTypeViewModel.swift; sourceTree = "<group>"; };
		AA4BB32D29FCBB8D00F10479 /* rainbowl.app */ = {isa = PBXFileReference; explicitFileType = wrapper.application; includeInIndex = 0; path = rainbowl.app; sourceTree = BUILT_PRODUCTS_DIR; };
		AA4BB33029FCBB8D00F10479 /* rainbowlApp.swift */ = {isa = PBXFileReference; lastKnownFileType = sourcecode.swift; path = rainbowlApp.swift; sourceTree = "<group>"; };
		AA4BB33729FCBB9000F10479 /* Preview Assets.xcassets */ = {isa = PBXFileReference; lastKnownFileType = folder.assetcatalog; path = "Preview Assets.xcassets"; sourceTree = "<group>"; };
		AA4BB34429FCBD7D00F10479 /* ContentView.swift */ = {isa = PBXFileReference; lastKnownFileType = sourcecode.swift; path = ContentView.swift; sourceTree = "<group>"; };
		AA4BB34729FCD67C00F10479 /* RecordView.swift */ = {isa = PBXFileReference; lastKnownFileType = sourcecode.swift; path = RecordView.swift; sourceTree = "<group>"; };
		AA4BB34A29FCE9BE00F10479 /* ColorListView.swift */ = {isa = PBXFileReference; lastKnownFileType = sourcecode.swift; path = ColorListView.swift; sourceTree = "<group>"; };
		AA5D0E972A4417CC002A32DC /* GameView.swift */ = {isa = PBXFileReference; lastKnownFileType = sourcecode.swift; path = GameView.swift; sourceTree = "<group>"; };
		AA5D0E9A2A46C5D6002A32DC /* SettingView.swift */ = {isa = PBXFileReference; lastKnownFileType = sourcecode.swift; path = SettingView.swift; sourceTree = "<group>"; };
		AA5D0E9D2A481125002A32DC /* DateChangeViewModel.swift */ = {isa = PBXFileReference; lastKnownFileType = sourcecode.swift; path = DateChangeViewModel.swift; sourceTree = "<group>"; };
		AA5D0E9F2A48B961002A32DC /* FetchRecordViewMode.swift */ = {isa = PBXFileReference; lastKnownFileType = sourcecode.swift; path = FetchRecordViewMode.swift; sourceTree = "<group>"; };
		AA5D0EA12A49F36B002A32DC /* BackpackView.swift */ = {isa = PBXFileReference; lastKnownFileType = sourcecode.swift; path = BackpackView.swift; sourceTree = "<group>"; };
		AA5D0EA32A49F4DD002A32DC /* BookView.swift */ = {isa = PBXFileReference; lastKnownFileType = sourcecode.swift; path = BookView.swift; sourceTree = "<group>"; };
		AA5D0EA72A4A17C3002A32DC /* TabBarView.swift */ = {isa = PBXFileReference; lastKnownFileType = sourcecode.swift; path = TabBarView.swift; sourceTree = "<group>"; };
		AA5D0EA92A4A1894002A32DC /* ItemsView.swift */ = {isa = PBXFileReference; lastKnownFileType = sourcecode.swift; path = ItemsView.swift; sourceTree = "<group>"; };
		AA8CD4E12B19787D00F32D63 /* SocialView.swift */ = {isa = PBXFileReference; lastKnownFileType = sourcecode.swift; path = SocialView.swift; sourceTree = "<group>"; };
		AA8CD4E32B197EA600F32D63 /* SearchBar.swift */ = {isa = PBXFileReference; lastKnownFileType = sourcecode.swift; path = SearchBar.swift; sourceTree = "<group>"; };
		AA8CD4E52B19811E00F32D63 /* Extensions.swift */ = {isa = PBXFileReference; lastKnownFileType = sourcecode.swift; path = Extensions.swift; sourceTree = "<group>"; };
		AA8CD4E72B19A53C00F32D63 /* UserListView.swift */ = {isa = PBXFileReference; lastKnownFileType = sourcecode.swift; path = UserListView.swift; sourceTree = "<group>"; };
		AA8CD4E92B19A7A600F32D63 /* UserItem.swift */ = {isa = PBXFileReference; lastKnownFileType = sourcecode.swift; path = UserItem.swift; sourceTree = "<group>"; };
		AA8CD4EB2B19AA2200F32D63 /* SearchUserViewModel.swift */ = {isa = PBXFileReference; lastKnownFileType = sourcecode.swift; path = SearchUserViewModel.swift; sourceTree = "<group>"; };
		AA8CD4ED2B19B22B00F32D63 /* SocialGameView.swift */ = {isa = PBXFileReference; lastKnownFileType = sourcecode.swift; path = SocialGameView.swift; sourceTree = "<group>"; };
		AA8CD4EF2B19C58000F32D63 /* LazyView.swift */ = {isa = PBXFileReference; lastKnownFileType = sourcecode.swift; path = LazyView.swift; sourceTree = "<group>"; };
		AA8CD4F12B19D2DB00F32D63 /* GameSnapshotView.swift */ = {isa = PBXFileReference; lastKnownFileType = sourcecode.swift; path = GameSnapshotView.swift; sourceTree = "<group>"; };
		AA8CD4F32B1ACE3200F32D63 /* AvatarView.swift */ = {isa = PBXFileReference; lastKnownFileType = sourcecode.swift; path = AvatarView.swift; sourceTree = "<group>"; };
		AA8F08822A0005540069D180 /* FoodListView.swift */ = {isa = PBXFileReference; lastKnownFileType = sourcecode.swift; path = FoodListView.swift; sourceTree = "<group>"; };
		AA8F08922A0173210069D180 /* GoogleService-Info.plist */ = {isa = PBXFileReference; fileEncoding = 4; lastKnownFileType = text.plist.xml; path = "GoogleService-Info.plist"; sourceTree = "<group>"; };
		AA8F08952A0205970069D180 /* RegistrationView.swift */ = {isa = PBXFileReference; lastKnownFileType = sourcecode.swift; path = RegistrationView.swift; sourceTree = "<group>"; };
		AA8F08972A0205AA0069D180 /* LoginView.swift */ = {isa = PBXFileReference; lastKnownFileType = sourcecode.swift; path = LoginView.swift; sourceTree = "<group>"; };
		AA8F08BF2A0342400069D180 /* ResetPasswordView.swift */ = {isa = PBXFileReference; lastKnownFileType = sourcecode.swift; path = ResetPasswordView.swift; sourceTree = "<group>"; };
		AA8F08C22A03AFE20069D180 /* AuthViewModel.swift */ = {isa = PBXFileReference; lastKnownFileType = sourcecode.swift; path = AuthViewModel.swift; sourceTree = "<group>"; };
		AAAF10502A42CDE700429BF8 /* RecordItemView.swift */ = {isa = PBXFileReference; lastKnownFileType = sourcecode.swift; path = RecordItemView.swift; sourceTree = "<group>"; };
		AAAF10522A42CE8F00429BF8 /* Record.swift */ = {isa = PBXFileReference; lastKnownFileType = sourcecode.swift; path = Record.swift; sourceTree = "<group>"; };
		AAB423872AA4AAD30031DADF /* BookItemsView.swift */ = {isa = PBXFileReference; lastKnownFileType = sourcecode.swift; path = BookItemsView.swift; sourceTree = "<group>"; };
		AABBDFB52A53162000FB6CCD /* Assets.xcassets */ = {isa = PBXFileReference; lastKnownFileType = folder.assetcatalog; path = Assets.xcassets; sourceTree = "<group>"; };
		AAD109FA2A05422900DB02E3 /* Constants.swift */ = {isa = PBXFileReference; lastKnownFileType = sourcecode.swift; path = Constants.swift; sourceTree = "<group>"; };
		AAD109FC2A05554200DB02E3 /* User.swift */ = {isa = PBXFileReference; lastKnownFileType = sourcecode.swift; path = User.swift; sourceTree = "<group>"; };
		AAD10A0F2A0682F200DB02E3 /* CalendarView.swift */ = {isa = PBXFileReference; lastKnownFileType = sourcecode.swift; path = CalendarView.swift; sourceTree = "<group>"; };
		AAD10A112A06830100DB02E3 /* ShopView.swift */ = {isa = PBXFileReference; lastKnownFileType = sourcecode.swift; path = ShopView.swift; sourceTree = "<group>"; };
		AAD10A132A06831200DB02E3 /* CollectionView.swift */ = {isa = PBXFileReference; lastKnownFileType = sourcecode.swift; path = CollectionView.swift; sourceTree = "<group>"; };
		AAD10A152A06B09B00DB02E3 /* MainTabView.swift */ = {isa = PBXFileReference; lastKnownFileType = sourcecode.swift; path = MainTabView.swift; sourceTree = "<group>"; };
		AAD21DB12A41957A00DB1CE7 /* Food.swift */ = {isa = PBXFileReference; lastKnownFileType = sourcecode.swift; path = Food.swift; sourceTree = "<group>"; };
		AAD477042A4AE15900F57A46 /* creature.json */ = {isa = PBXFileReference; lastKnownFileType = text.json; path = creature.json; sourceTree = "<group>"; };
		AAD477062A4B23AE00F57A46 /* Creature.swift */ = {isa = PBXFileReference; lastKnownFileType = sourcecode.swift; path = Creature.swift; sourceTree = "<group>"; };
		AAD477092A4B6B1D00F57A46 /* BackpackViewModel.swift */ = {isa = PBXFileReference; lastKnownFileType = sourcecode.swift; path = BackpackViewModel.swift; sourceTree = "<group>"; };
		AAD4770B2A4BEB8C00F57A46 /* CreatureInUse.swift */ = {isa = PBXFileReference; lastKnownFileType = sourcecode.swift; path = CreatureInUse.swift; sourceTree = "<group>"; };
		AAD4770D2A4CC5C000F57A46 /* CreatureProduct.swift */ = {isa = PBXFileReference; lastKnownFileType = sourcecode.swift; path = CreatureProduct.swift; sourceTree = "<group>"; };
/* End PBXFileReference section */

/* Begin PBXFrameworksBuildPhase section */
		AA4BB32A29FCBB8D00F10479 /* Frameworks */ = {
			isa = PBXFrameworksBuildPhase;
			buildActionMask = 2147483647;
			files = (
				AA8F08912A01723A0069D180 /* Kingfisher in Frameworks */,
				AA8F088C2A0171890069D180 /* FirebaseMessaging in Frameworks */,
				AA8F088A2A0171890069D180 /* FirebaseFunctions in Frameworks */,
				AA8F088E2A0171890069D180 /* FirebaseStorage in Frameworks */,
				AAD10A0A2A0570C000DB02E3 /* FirebaseStorage in Frameworks */,
				AAD10A022A0570C000DB02E3 /* FirebaseFirestore in Frameworks */,
				AAD10A002A0570C000DB02E3 /* FirebaseAuth in Frameworks */,
				AAD10A062A0570C000DB02E3 /* FirebaseFunctions in Frameworks */,
				AA8F08882A0171890069D180 /* FirebaseFirestore in Frameworks */,
				AAD10A082A0570C000DB02E3 /* FirebaseMessaging in Frameworks */,
				AAD10A042A0570C000DB02E3 /* FirebaseFirestoreSwift in Frameworks */,
			);
			runOnlyForDeploymentPostprocessing = 0;
		};
/* End PBXFrameworksBuildPhase section */

/* Begin PBXGroup section */
		AA0B41552A4228E700AC1C63 /* Record */ = {
			isa = PBXGroup;
			children = (
				AA0B41562A422AEA00AC1C63 /* RecordViewModel.swift */,
				AA5D0E9F2A48B961002A32DC /* FetchRecordViewMode.swift */,
				AA46CD9C2B1C08BE00D32A83 /* FoodTypeViewModel.swift */,
			);
			path = Record;
			sourceTree = "<group>";
		};
		AA1A0F662AAC3A9300CCEA09 /* Book */ = {
			isa = PBXGroup;
			children = (
				AA1A0F672AAC3BE900CCEA09 /* BookViewModel.swift */,
			);
			path = Book;
			sourceTree = "<group>";
		};
		AA2E6A2E2A08D37E00C668AC /* Data */ = {
			isa = PBXGroup;
			children = (
				AA2E6A2C2A08D19500C668AC /* food.json */,
				AAD477042A4AE15900F57A46 /* creature.json */,
			);
			path = Data;
			sourceTree = "<group>";
		};
		AA4BB32429FCBB8D00F10479 = {
			isa = PBXGroup;
			children = (
				AA4BB32F29FCBB8D00F10479 /* rainbowl */,
				AA4BB32E29FCBB8D00F10479 /* Products */,
				AAB694132A40395C00A6DF34 /* Frameworks */,
			);
			sourceTree = "<group>";
		};
		AA4BB32E29FCBB8D00F10479 /* Products */ = {
			isa = PBXGroup;
			children = (
				AA4BB32D29FCBB8D00F10479 /* rainbowl.app */,
			);
			name = Products;
			sourceTree = "<group>";
		};
		AA4BB32F29FCBB8D00F10479 /* rainbowl */ = {
			isa = PBXGroup;
			children = (
				AA3269512B08B21E0038BE8B /* Info.plist */,
				AA2E6A2E2A08D37E00C668AC /* Data */,
				AA4BB34229FCBC6E00F10479 /* Model */,
				AA4BB34129FCBC6B00F10479 /* View */,
				AA4BB34029FCBC6800F10479 /* ViewModel */,
				AA4BB33F29FCBC6500F10479 /* API */,
				AA4BB33E29FCBC6100F10479 /* Utils */,
				AA4BB33029FCBB8D00F10479 /* rainbowlApp.swift */,
				AABBDFB52A53162000FB6CCD /* Assets.xcassets */,
				AA8F08922A0173210069D180 /* GoogleService-Info.plist */,
				AA4BB33629FCBB9000F10479 /* Preview Content */,
			);
			path = rainbowl;
			sourceTree = "<group>";
		};
		AA4BB33629FCBB9000F10479 /* Preview Content */ = {
			isa = PBXGroup;
			children = (
				AA4BB33729FCBB9000F10479 /* Preview Assets.xcassets */,
			);
			path = "Preview Content";
			sourceTree = "<group>";
		};
		AA4BB33E29FCBC6100F10479 /* Utils */ = {
			isa = PBXGroup;
			children = (
				AAD109FA2A05422900DB02E3 /* Constants.swift */,
				AA0B41512A41A27A00AC1C63 /* JSONFileManager.swift */,
				AA8CD4E52B19811E00F32D63 /* Extensions.swift */,
				AA8CD4EF2B19C58000F32D63 /* LazyView.swift */,
				AA46CD8F2B1B10C700D32A83 /* AvatarColors.swift */,
			);
			path = Utils;
			sourceTree = "<group>";
		};
		AA4BB33F29FCBC6500F10479 /* API */ = {
			isa = PBXGroup;
			children = (
				AA5D0E9D2A481125002A32DC /* DateChangeViewModel.swift */,
			);
			path = API;
			sourceTree = "<group>";
		};
		AA4BB34029FCBC6800F10479 /* ViewModel */ = {
			isa = PBXGroup;
			children = (
				AA1A0F662AAC3A9300CCEA09 /* Book */,
				AAD477082A4B630100F57A46 /* Backpack */,
				AA0B41552A4228E700AC1C63 /* Record */,
				AA8F08C12A03AFA80069D180 /* Authentication */,
				AA8CD4EB2B19AA2200F32D63 /* SearchUserViewModel.swift */,
			);
			path = ViewModel;
			sourceTree = "<group>";
		};
		AA4BB34129FCBC6B00F10479 /* View */ = {
			isa = PBXGroup;
			children = (
				AA8CD4E02B1977EA00F32D63 /* Social */,
				AA5D0E992A46C54A002A32DC /* Setting */,
				AAD10A0D2A06810900DB02E3 /* Calendar */,
				AAD10A0C2A06810100DB02E3 /* Shop */,
				AAD10A0B2A0680F600DB02E3 /* Collection */,
				AA8F08942A0205330069D180 /* Authentication */,
				AA4BB34929FCD7E100F10479 /* Item */,
				AA4BB34629FCD62E00F10479 /* Record */,
				AA4BB34329FCBD3E00F10479 /* Main */,
			);
			path = View;
			sourceTree = "<group>";
		};
		AA4BB34229FCBC6E00F10479 /* Model */ = {
			isa = PBXGroup;
			children = (
				AAD109FC2A05554200DB02E3 /* User.swift */,
				AAD21DB12A41957A00DB1CE7 /* Food.swift */,
				AAAF10522A42CE8F00429BF8 /* Record.swift */,
				AAD477062A4B23AE00F57A46 /* Creature.swift */,
				AAD4770D2A4CC5C000F57A46 /* CreatureProduct.swift */,
				AAD4770B2A4BEB8C00F57A46 /* CreatureInUse.swift */,
				AA1A0F692AAC50E300CCEA09 /* CreatureInBook.swift */,
			);
			path = Model;
			sourceTree = "<group>";
		};
		AA4BB34329FCBD3E00F10479 /* Main */ = {
			isa = PBXGroup;
			children = (
				AA4BB34429FCBD7D00F10479 /* ContentView.swift */,
				AAD10A152A06B09B00DB02E3 /* MainTabView.swift */,
				AA5D0E972A4417CC002A32DC /* GameView.swift */,
				AA46CD952B1B83C900D32A83 /* TestContentView.swift */,
				AA46CD972B1B856200D32A83 /* MyViewController.swift */,
			);
			path = Main;
			sourceTree = "<group>";
		};
		AA4BB34629FCD62E00F10479 /* Record */ = {
			isa = PBXGroup;
			children = (
				AA4BB34A29FCE9BE00F10479 /* ColorListView.swift */,
				AA4BB34729FCD67C00F10479 /* RecordView.swift */,
				AA8F08822A0005540069D180 /* FoodListView.swift */,
				AA0B41532A41FA9500AC1C63 /* AddFoodView.swift */,
				AAAF10502A42CDE700429BF8 /* RecordItemView.swift */,
				AA46CD9A2B1C079600D32A83 /* AddFoodTypeView.swift */,
			);
			path = Record;
			sourceTree = "<group>";
		};
		AA4BB34929FCD7E100F10479 /* Item */ = {
			isa = PBXGroup;
			children = (
				AA8CD4E32B197EA600F32D63 /* SearchBar.swift */,
				AA8CD4E72B19A53C00F32D63 /* UserListView.swift */,
				AA8CD4E92B19A7A600F32D63 /* UserItem.swift */,
			);
			path = Item;
			sourceTree = "<group>";
		};
		AA5D0E992A46C54A002A32DC /* Setting */ = {
			isa = PBXGroup;
			children = (
				AA5D0E9A2A46C5D6002A32DC /* SettingView.swift */,
				AA46CD912B1B41C200D32A83 /* EditUserView.swift */,
			);
			path = Setting;
			sourceTree = "<group>";
		};
		AA8CD4E02B1977EA00F32D63 /* Social */ = {
			isa = PBXGroup;
			children = (
				AA8CD4E12B19787D00F32D63 /* SocialView.swift */,
				AA8CD4ED2B19B22B00F32D63 /* SocialGameView.swift */,
				AA8CD4F12B19D2DB00F32D63 /* GameSnapshotView.swift */,
			);
			path = Social;
			sourceTree = "<group>";
		};
		AA8F08942A0205330069D180 /* Authentication */ = {
			isa = PBXGroup;
			children = (
				AA8F08952A0205970069D180 /* RegistrationView.swift */,
				AA8F08972A0205AA0069D180 /* LoginView.swift */,
				AA8F08BF2A0342400069D180 /* ResetPasswordView.swift */,
				AA8CD4F32B1ACE3200F32D63 /* AvatarView.swift */,
			);
			path = Authentication;
			sourceTree = "<group>";
		};
		AA8F08C12A03AFA80069D180 /* Authentication */ = {
			isa = PBXGroup;
			children = (
				AA8F08C22A03AFE20069D180 /* AuthViewModel.swift */,
			);
			path = Authentication;
			sourceTree = "<group>";
		};
		AAB694132A40395C00A6DF34 /* Frameworks */ = {
			isa = PBXGroup;
			children = (
			);
			name = Frameworks;
			sourceTree = "<group>";
		};
		AAD10A0B2A0680F600DB02E3 /* Collection */ = {
			isa = PBXGroup;
			children = (
				AAD10A132A06831200DB02E3 /* CollectionView.swift */,
				AA5D0EA12A49F36B002A32DC /* BackpackView.swift */,
				AA5D0EA32A49F4DD002A32DC /* BookView.swift */,
				AA5D0EA72A4A17C3002A32DC /* TabBarView.swift */,
				AA5D0EA92A4A1894002A32DC /* ItemsView.swift */,
				AAB423872AA4AAD30031DADF /* BookItemsView.swift */,
			);
			path = Collection;
			sourceTree = "<group>";
		};
		AAD10A0C2A06810100DB02E3 /* Shop */ = {
			isa = PBXGroup;
			children = (
				AAD10A112A06830100DB02E3 /* ShopView.swift */,
			);
			path = Shop;
			sourceTree = "<group>";
		};
		AAD10A0D2A06810900DB02E3 /* Calendar */ = {
			isa = PBXGroup;
			children = (
				AAD10A0F2A0682F200DB02E3 /* CalendarView.swift */,
			);
			path = Calendar;
			sourceTree = "<group>";
		};
		AAD477082A4B630100F57A46 /* Backpack */ = {
			isa = PBXGroup;
			children = (
				AAD477092A4B6B1D00F57A46 /* BackpackViewModel.swift */,
			);
			path = Backpack;
			sourceTree = "<group>";
		};
/* End PBXGroup section */

/* Begin PBXNativeTarget section */
		AA4BB32C29FCBB8D00F10479 /* rainbowl */ = {
			isa = PBXNativeTarget;
			buildConfigurationList = AA4BB33B29FCBB9000F10479 /* Build configuration list for PBXNativeTarget "rainbowl" */;
			buildPhases = (
				AA4BB32929FCBB8D00F10479 /* Sources */,
				AA4BB32A29FCBB8D00F10479 /* Frameworks */,
				AA4BB32B29FCBB8D00F10479 /* Resources */,
			);
			buildRules = (
			);
			dependencies = (
			);
			name = rainbowl;
			packageProductDependencies = (
				AA8F08872A0171890069D180 /* FirebaseFirestore */,
				AA8F08892A0171890069D180 /* FirebaseFunctions */,
				AA8F088B2A0171890069D180 /* FirebaseMessaging */,
				AA8F088D2A0171890069D180 /* FirebaseStorage */,
				AA8F08902A01723A0069D180 /* Kingfisher */,
				AAD109FF2A0570C000DB02E3 /* FirebaseAuth */,
				AAD10A012A0570C000DB02E3 /* FirebaseFirestore */,
				AAD10A032A0570C000DB02E3 /* FirebaseFirestoreSwift */,
				AAD10A052A0570C000DB02E3 /* FirebaseFunctions */,
				AAD10A072A0570C000DB02E3 /* FirebaseMessaging */,
				AAD10A092A0570C000DB02E3 /* FirebaseStorage */,
			);
			productName = rainbowl;
			productReference = AA4BB32D29FCBB8D00F10479 /* rainbowl.app */;
			productType = "com.apple.product-type.application";
		};
/* End PBXNativeTarget section */

/* Begin PBXProject section */
		AA4BB32529FCBB8D00F10479 /* Project object */ = {
			isa = PBXProject;
			attributes = {
				BuildIndependentTargetsInParallel = 1;
				LastSwiftUpdateCheck = 1340;
				LastUpgradeCheck = 1340;
				TargetAttributes = {
					AA4BB32C29FCBB8D00F10479 = {
						CreatedOnToolsVersion = 13.4.1;
					};
				};
			};
			buildConfigurationList = AA4BB32829FCBB8D00F10479 /* Build configuration list for PBXProject "rainbowl" */;
			compatibilityVersion = "Xcode 13.0";
			developmentRegion = en;
			hasScannedForEncodings = 0;
			knownRegions = (
				en,
				Base,
			);
			mainGroup = AA4BB32429FCBB8D00F10479;
			packageReferences = (
				AA8F08842A0171890069D180 /* XCRemoteSwiftPackageReference "firebase-ios-sdk" */,
				AA8F088F2A01723A0069D180 /* XCRemoteSwiftPackageReference "Kingfisher" */,
				AAD109FE2A0570C000DB02E3 /* XCRemoteSwiftPackageReference "firebase-ios-sdk" */,
			);
			productRefGroup = AA4BB32E29FCBB8D00F10479 /* Products */;
			projectDirPath = "";
			projectRoot = "";
			targets = (
				AA4BB32C29FCBB8D00F10479 /* rainbowl */,
			);
		};
/* End PBXProject section */

/* Begin PBXResourcesBuildPhase section */
		AA4BB32B29FCBB8D00F10479 /* Resources */ = {
			isa = PBXResourcesBuildPhase;
			buildActionMask = 2147483647;
			files = (
				AA4BB33829FCBB9000F10479 /* Preview Assets.xcassets in Resources */,
				AA2E6A2D2A08D19500C668AC /* food.json in Resources */,
				AAD477052A4AE15900F57A46 /* creature.json in Resources */,
				AA8F08932A0173210069D180 /* GoogleService-Info.plist in Resources */,
				AABBDFB62A53162000FB6CCD /* Assets.xcassets in Resources */,
			);
			runOnlyForDeploymentPostprocessing = 0;
		};
/* End PBXResourcesBuildPhase section */

/* Begin PBXSourcesBuildPhase section */
		AA4BB32929FCBB8D00F10479 /* Sources */ = {
			isa = PBXSourcesBuildPhase;
			buildActionMask = 2147483647;
			files = (
				AA0B41542A41FA9500AC1C63 /* AddFoodView.swift in Sources */,
				AA8CD4E22B19787D00F32D63 /* SocialView.swift in Sources */,
				AA5D0EAA2A4A1894002A32DC /* ItemsView.swift in Sources */,
				AA46CD9B2B1C079600D32A83 /* AddFoodTypeView.swift in Sources */,
				AAD109FD2A05554200DB02E3 /* User.swift in Sources */,
				AA8F08832A0005540069D180 /* FoodListView.swift in Sources */,
				AAD477072A4B23AE00F57A46 /* Creature.swift in Sources */,
				AA5D0EA02A48B961002A32DC /* FetchRecordViewMode.swift in Sources */,
				AA8CD4F22B19D2DB00F32D63 /* GameSnapshotView.swift in Sources */,
				AA8F08982A0205AA0069D180 /* LoginView.swift in Sources */,
				AA0B41522A41A27A00AC1C63 /* JSONFileManager.swift in Sources */,
				AAD10A122A06830100DB02E3 /* ShopView.swift in Sources */,
				AA4BB34B29FCE9BE00F10479 /* ColorListView.swift in Sources */,
				AA8CD4EC2B19AA2200F32D63 /* SearchUserViewModel.swift in Sources */,
				AA8CD4E82B19A53C00F32D63 /* UserListView.swift in Sources */,
				AAB423882AA4AAD30031DADF /* BookItemsView.swift in Sources */,
				AA46CD9D2B1C08BE00D32A83 /* FoodTypeViewModel.swift in Sources */,
				AA8CD4E42B197EA600F32D63 /* SearchBar.swift in Sources */,
				AAD21DB22A41957A00DB1CE7 /* Food.swift in Sources */,
				AA0B41572A422AEA00AC1C63 /* RecordViewModel.swift in Sources */,
				AA5D0E9E2A481125002A32DC /* DateChangeViewModel.swift in Sources */,
				AA8CD4F42B1ACE3200F32D63 /* AvatarView.swift in Sources */,
				AAD4770C2A4BEB8C00F57A46 /* CreatureInUse.swift in Sources */,
				AA1A0F682AAC3BE900CCEA09 /* BookViewModel.swift in Sources */,
				AA46CD902B1B10C700D32A83 /* AvatarColors.swift in Sources */,
				AAD10A142A06831200DB02E3 /* CollectionView.swift in Sources */,
				AA4BB34529FCBD7D00F10479 /* ContentView.swift in Sources */,
				AAAF10532A42CE8F00429BF8 /* Record.swift in Sources */,
				AA8F08962A0205970069D180 /* RegistrationView.swift in Sources */,
				AAD4770E2A4CC5C000F57A46 /* CreatureProduct.swift in Sources */,
				AA46CD962B1B83C900D32A83 /* TestContentView.swift in Sources */,
				AA5D0EA22A49F36B002A32DC /* BackpackView.swift in Sources */,
				AA8CD4EA2B19A7A600F32D63 /* UserItem.swift in Sources */,
				AA5D0E982A4417CC002A32DC /* GameView.swift in Sources */,
				AAD10A162A06B09B00DB02E3 /* MainTabView.swift in Sources */,
				AA4BB33129FCBB8D00F10479 /* rainbowlApp.swift in Sources */,
				AAD10A102A0682F200DB02E3 /* CalendarView.swift in Sources */,
				AA5D0EA42A49F4DD002A32DC /* BookView.swift in Sources */,
				AAD4770A2A4B6B1D00F57A46 /* BackpackViewModel.swift in Sources */,
				AA8F08C32A03AFE20069D180 /* AuthViewModel.swift in Sources */,
				AA46CD982B1B856200D32A83 /* MyViewController.swift in Sources */,
				AA8CD4EE2B19B22B00F32D63 /* SocialGameView.swift in Sources */,
				AA8F08C02A0342400069D180 /* ResetPasswordView.swift in Sources */,
				AA5D0E9B2A46C5D6002A32DC /* SettingView.swift in Sources */,
				AA4BB34829FCD67C00F10479 /* RecordView.swift in Sources */,
				AA8CD4E62B19811E00F32D63 /* Extensions.swift in Sources */,
				AA1A0F6A2AAC50E300CCEA09 /* CreatureInBook.swift in Sources */,
				AA8CD4F02B19C58000F32D63 /* LazyView.swift in Sources */,
				AAAF10512A42CDE700429BF8 /* RecordItemView.swift in Sources */,
				AA46CD922B1B41C200D32A83 /* EditUserView.swift in Sources */,
				AA5D0EA82A4A17C3002A32DC /* TabBarView.swift in Sources */,
				AAD109FB2A05422900DB02E3 /* Constants.swift in Sources */,
			);
			runOnlyForDeploymentPostprocessing = 0;
		};
/* End PBXSourcesBuildPhase section */

/* Begin XCBuildConfiguration section */
		AA4BB33929FCBB9000F10479 /* Debug */ = {
			isa = XCBuildConfiguration;
			buildSettings = {
				ALWAYS_SEARCH_USER_PATHS = NO;
				CLANG_ANALYZER_NONNULL = YES;
				CLANG_ANALYZER_NUMBER_OBJECT_CONVERSION = YES_AGGRESSIVE;
				CLANG_CXX_LANGUAGE_STANDARD = "gnu++17";
				CLANG_ENABLE_MODULES = YES;
				CLANG_ENABLE_OBJC_ARC = YES;
				CLANG_ENABLE_OBJC_WEAK = YES;
				CLANG_WARN_BLOCK_CAPTURE_AUTORELEASING = YES;
				CLANG_WARN_BOOL_CONVERSION = YES;
				CLANG_WARN_COMMA = YES;
				CLANG_WARN_CONSTANT_CONVERSION = YES;
				CLANG_WARN_DEPRECATED_OBJC_IMPLEMENTATIONS = YES;
				CLANG_WARN_DIRECT_OBJC_ISA_USAGE = YES_ERROR;
				CLANG_WARN_DOCUMENTATION_COMMENTS = YES;
				CLANG_WARN_EMPTY_BODY = YES;
				CLANG_WARN_ENUM_CONVERSION = YES;
				CLANG_WARN_INFINITE_RECURSION = YES;
				CLANG_WARN_INT_CONVERSION = YES;
				CLANG_WARN_NON_LITERAL_NULL_CONVERSION = YES;
				CLANG_WARN_OBJC_IMPLICIT_RETAIN_SELF = YES;
				CLANG_WARN_OBJC_LITERAL_CONVERSION = YES;
				CLANG_WARN_OBJC_ROOT_CLASS = YES_ERROR;
				CLANG_WARN_QUOTED_INCLUDE_IN_FRAMEWORK_HEADER = YES;
				CLANG_WARN_RANGE_LOOP_ANALYSIS = YES;
				CLANG_WARN_STRICT_PROTOTYPES = YES;
				CLANG_WARN_SUSPICIOUS_MOVE = YES;
				CLANG_WARN_UNGUARDED_AVAILABILITY = YES_AGGRESSIVE;
				CLANG_WARN_UNREACHABLE_CODE = YES;
				CLANG_WARN__DUPLICATE_METHOD_MATCH = YES;
				COPY_PHASE_STRIP = NO;
				DEBUG_INFORMATION_FORMAT = dwarf;
				ENABLE_STRICT_OBJC_MSGSEND = YES;
				ENABLE_TESTABILITY = YES;
				GCC_C_LANGUAGE_STANDARD = gnu11;
				GCC_DYNAMIC_NO_PIC = NO;
				GCC_NO_COMMON_BLOCKS = YES;
				GCC_OPTIMIZATION_LEVEL = 0;
				GCC_PREPROCESSOR_DEFINITIONS = (
					"DEBUG=1",
					"$(inherited)",
				);
				GCC_WARN_64_TO_32_BIT_CONVERSION = YES;
				GCC_WARN_ABOUT_RETURN_TYPE = YES_ERROR;
				GCC_WARN_UNDECLARED_SELECTOR = YES;
				GCC_WARN_UNINITIALIZED_AUTOS = YES_AGGRESSIVE;
				GCC_WARN_UNUSED_FUNCTION = YES;
				GCC_WARN_UNUSED_VARIABLE = YES;
				IPHONEOS_DEPLOYMENT_TARGET = 15.5;
				MTL_ENABLE_DEBUG_INFO = INCLUDE_SOURCE;
				MTL_FAST_MATH = YES;
				ONLY_ACTIVE_ARCH = YES;
				SDKROOT = iphoneos;
				SWIFT_ACTIVE_COMPILATION_CONDITIONS = DEBUG;
				SWIFT_OPTIMIZATION_LEVEL = "-Onone";
			};
			name = Debug;
		};
		AA4BB33A29FCBB9000F10479 /* Release */ = {
			isa = XCBuildConfiguration;
			buildSettings = {
				ALWAYS_SEARCH_USER_PATHS = NO;
				CLANG_ANALYZER_NONNULL = YES;
				CLANG_ANALYZER_NUMBER_OBJECT_CONVERSION = YES_AGGRESSIVE;
				CLANG_CXX_LANGUAGE_STANDARD = "gnu++17";
				CLANG_ENABLE_MODULES = YES;
				CLANG_ENABLE_OBJC_ARC = YES;
				CLANG_ENABLE_OBJC_WEAK = YES;
				CLANG_WARN_BLOCK_CAPTURE_AUTORELEASING = YES;
				CLANG_WARN_BOOL_CONVERSION = YES;
				CLANG_WARN_COMMA = YES;
				CLANG_WARN_CONSTANT_CONVERSION = YES;
				CLANG_WARN_DEPRECATED_OBJC_IMPLEMENTATIONS = YES;
				CLANG_WARN_DIRECT_OBJC_ISA_USAGE = YES_ERROR;
				CLANG_WARN_DOCUMENTATION_COMMENTS = YES;
				CLANG_WARN_EMPTY_BODY = YES;
				CLANG_WARN_ENUM_CONVERSION = YES;
				CLANG_WARN_INFINITE_RECURSION = YES;
				CLANG_WARN_INT_CONVERSION = YES;
				CLANG_WARN_NON_LITERAL_NULL_CONVERSION = YES;
				CLANG_WARN_OBJC_IMPLICIT_RETAIN_SELF = YES;
				CLANG_WARN_OBJC_LITERAL_CONVERSION = YES;
				CLANG_WARN_OBJC_ROOT_CLASS = YES_ERROR;
				CLANG_WARN_QUOTED_INCLUDE_IN_FRAMEWORK_HEADER = YES;
				CLANG_WARN_RANGE_LOOP_ANALYSIS = YES;
				CLANG_WARN_STRICT_PROTOTYPES = YES;
				CLANG_WARN_SUSPICIOUS_MOVE = YES;
				CLANG_WARN_UNGUARDED_AVAILABILITY = YES_AGGRESSIVE;
				CLANG_WARN_UNREACHABLE_CODE = YES;
				CLANG_WARN__DUPLICATE_METHOD_MATCH = YES;
				COPY_PHASE_STRIP = NO;
				DEBUG_INFORMATION_FORMAT = "dwarf-with-dsym";
				ENABLE_NS_ASSERTIONS = NO;
				ENABLE_STRICT_OBJC_MSGSEND = YES;
				GCC_C_LANGUAGE_STANDARD = gnu11;
				GCC_NO_COMMON_BLOCKS = YES;
				GCC_WARN_64_TO_32_BIT_CONVERSION = YES;
				GCC_WARN_ABOUT_RETURN_TYPE = YES_ERROR;
				GCC_WARN_UNDECLARED_SELECTOR = YES;
				GCC_WARN_UNINITIALIZED_AUTOS = YES_AGGRESSIVE;
				GCC_WARN_UNUSED_FUNCTION = YES;
				GCC_WARN_UNUSED_VARIABLE = YES;
				IPHONEOS_DEPLOYMENT_TARGET = 15.5;
				MTL_ENABLE_DEBUG_INFO = NO;
				MTL_FAST_MATH = YES;
				SDKROOT = iphoneos;
				SWIFT_COMPILATION_MODE = wholemodule;
				SWIFT_OPTIMIZATION_LEVEL = "-O";
				VALIDATE_PRODUCT = YES;
			};
			name = Release;
		};
		AA4BB33C29FCBB9000F10479 /* Debug */ = {
			isa = XCBuildConfiguration;
			buildSettings = {
				ASSETCATALOG_COMPILER_APPICON_NAME = AppIcon;
				ASSETCATALOG_COMPILER_GLOBAL_ACCENT_COLOR_NAME = AccentColor;
				CODE_SIGN_STYLE = Automatic;
				CURRENT_PROJECT_VERSION = 1;
				DEVELOPMENT_ASSET_PATHS = "\"rainbowl/Preview Content\"";
				DEVELOPMENT_TEAM = Q6MF6L9T5V;
				ENABLE_PREVIEWS = YES;
				GENERATE_INFOPLIST_FILE = YES;
				INFOPLIST_FILE = rainbowl/Info.plist;
				INFOPLIST_KEY_UIApplicationSceneManifest_Generation = YES;
				INFOPLIST_KEY_UIApplicationSupportsIndirectInputEvents = YES;
				INFOPLIST_KEY_UILaunchScreen_Generation = YES;
				INFOPLIST_KEY_UISupportedInterfaceOrientations_iPad = "UIInterfaceOrientationPortrait UIInterfaceOrientationPortraitUpsideDown UIInterfaceOrientationLandscapeLeft UIInterfaceOrientationLandscapeRight";
				INFOPLIST_KEY_UISupportedInterfaceOrientations_iPhone = "UIInterfaceOrientationPortrait UIInterfaceOrientationLandscapeLeft UIInterfaceOrientationLandscapeRight";
				IPHONEOS_DEPLOYMENT_TARGET = 16.0;
				LD_RUNPATH_SEARCH_PATHS = (
					"$(inherited)",
					"@executable_path/Frameworks",
				);
				MARKETING_VERSION = 1.0;
				PRODUCT_BUNDLE_IDENTIFIER = com.hsiang.rainbowl;
				PRODUCT_NAME = "$(TARGET_NAME)";
				SWIFT_EMIT_LOC_STRINGS = YES;
				SWIFT_VERSION = 5.0;
				TARGETED_DEVICE_FAMILY = "1,2";
			};
			name = Debug;
		};
		AA4BB33D29FCBB9000F10479 /* Release */ = {
			isa = XCBuildConfiguration;
			buildSettings = {
				ASSETCATALOG_COMPILER_APPICON_NAME = AppIcon;
				ASSETCATALOG_COMPILER_GLOBAL_ACCENT_COLOR_NAME = AccentColor;
				CODE_SIGN_STYLE = Automatic;
				CURRENT_PROJECT_VERSION = 1;
				DEVELOPMENT_ASSET_PATHS = "\"rainbowl/Preview Content\"";
				DEVELOPMENT_TEAM = Q6MF6L9T5V;
				ENABLE_PREVIEWS = YES;
				GENERATE_INFOPLIST_FILE = YES;
				INFOPLIST_FILE = rainbowl/Info.plist;
				INFOPLIST_KEY_UIApplicationSceneManifest_Generation = YES;
				INFOPLIST_KEY_UIApplicationSupportsIndirectInputEvents = YES;
				INFOPLIST_KEY_UILaunchScreen_Generation = YES;
				INFOPLIST_KEY_UISupportedInterfaceOrientations_iPad = "UIInterfaceOrientationPortrait UIInterfaceOrientationPortraitUpsideDown UIInterfaceOrientationLandscapeLeft UIInterfaceOrientationLandscapeRight";
				INFOPLIST_KEY_UISupportedInterfaceOrientations_iPhone = "UIInterfaceOrientationPortrait UIInterfaceOrientationLandscapeLeft UIInterfaceOrientationLandscapeRight";
				IPHONEOS_DEPLOYMENT_TARGET = 16.0;
				LD_RUNPATH_SEARCH_PATHS = (
					"$(inherited)",
					"@executable_path/Frameworks",
				);
				MARKETING_VERSION = 1.0;
				PRODUCT_BUNDLE_IDENTIFIER = com.hsiang.rainbowl;
				PRODUCT_NAME = "$(TARGET_NAME)";
				SWIFT_EMIT_LOC_STRINGS = YES;
				SWIFT_VERSION = 5.0;
				TARGETED_DEVICE_FAMILY = "1,2";
			};
			name = Release;
		};
/* End XCBuildConfiguration section */

/* Begin XCConfigurationList section */
		AA4BB32829FCBB8D00F10479 /* Build configuration list for PBXProject "rainbowl" */ = {
			isa = XCConfigurationList;
			buildConfigurations = (
				AA4BB33929FCBB9000F10479 /* Debug */,
				AA4BB33A29FCBB9000F10479 /* Release */,
			);
			defaultConfigurationIsVisible = 0;
			defaultConfigurationName = Release;
		};
		AA4BB33B29FCBB9000F10479 /* Build configuration list for PBXNativeTarget "rainbowl" */ = {
			isa = XCConfigurationList;
			buildConfigurations = (
				AA4BB33C29FCBB9000F10479 /* Debug */,
				AA4BB33D29FCBB9000F10479 /* Release */,
			);
			defaultConfigurationIsVisible = 0;
			defaultConfigurationName = Release;
		};
/* End XCConfigurationList section */

/* Begin XCRemoteSwiftPackageReference section */
		AA8F08842A0171890069D180 /* XCRemoteSwiftPackageReference "firebase-ios-sdk" */ = {
			isa = XCRemoteSwiftPackageReference;
			repositoryURL = "https://github.com/firebase/firebase-ios-sdk.git";
			requirement = {
				kind = upToNextMajorVersion;
				minimumVersion = 9.0.0;
			};
		};
		AA8F088F2A01723A0069D180 /* XCRemoteSwiftPackageReference "Kingfisher" */ = {
			isa = XCRemoteSwiftPackageReference;
			repositoryURL = "https://github.com/onevcat/Kingfisher.git";
			requirement = {
				branch = master;
				kind = branch;
			};
		};
		AAD109FE2A0570C000DB02E3 /* XCRemoteSwiftPackageReference "firebase-ios-sdk" */ = {
			isa = XCRemoteSwiftPackageReference;
			repositoryURL = "https://github.com/firebase/firebase-ios-sdk.git";
			requirement = {
				branch = master;
				kind = branch;
			};
		};
/* End XCRemoteSwiftPackageReference section */

/* Begin XCSwiftPackageProductDependency section */
		AA8F08872A0171890069D180 /* FirebaseFirestore */ = {
			isa = XCSwiftPackageProductDependency;
			package = AA8F08842A0171890069D180 /* XCRemoteSwiftPackageReference "firebase-ios-sdk" */;
			productName = FirebaseFirestore;
		};
		AA8F08892A0171890069D180 /* FirebaseFunctions */ = {
			isa = XCSwiftPackageProductDependency;
			package = AA8F08842A0171890069D180 /* XCRemoteSwiftPackageReference "firebase-ios-sdk" */;
			productName = FirebaseFunctions;
		};
		AA8F088B2A0171890069D180 /* FirebaseMessaging */ = {
			isa = XCSwiftPackageProductDependency;
			package = AA8F08842A0171890069D180 /* XCRemoteSwiftPackageReference "firebase-ios-sdk" */;
			productName = FirebaseMessaging;
		};
		AA8F088D2A0171890069D180 /* FirebaseStorage */ = {
			isa = XCSwiftPackageProductDependency;
			package = AA8F08842A0171890069D180 /* XCRemoteSwiftPackageReference "firebase-ios-sdk" */;
			productName = FirebaseStorage;
		};
		AA8F08902A01723A0069D180 /* Kingfisher */ = {
			isa = XCSwiftPackageProductDependency;
			package = AA8F088F2A01723A0069D180 /* XCRemoteSwiftPackageReference "Kingfisher" */;
			productName = Kingfisher;
		};
		AAD109FF2A0570C000DB02E3 /* FirebaseAuth */ = {
			isa = XCSwiftPackageProductDependency;
			package = AAD109FE2A0570C000DB02E3 /* XCRemoteSwiftPackageReference "firebase-ios-sdk" */;
			productName = FirebaseAuth;
		};
		AAD10A012A0570C000DB02E3 /* FirebaseFirestore */ = {
			isa = XCSwiftPackageProductDependency;
			package = AAD109FE2A0570C000DB02E3 /* XCRemoteSwiftPackageReference "firebase-ios-sdk" */;
			productName = FirebaseFirestore;
		};
		AAD10A032A0570C000DB02E3 /* FirebaseFirestoreSwift */ = {
			isa = XCSwiftPackageProductDependency;
			package = AAD109FE2A0570C000DB02E3 /* XCRemoteSwiftPackageReference "firebase-ios-sdk" */;
			productName = FirebaseFirestoreSwift;
		};
		AAD10A052A0570C000DB02E3 /* FirebaseFunctions */ = {
			isa = XCSwiftPackageProductDependency;
			package = AAD109FE2A0570C000DB02E3 /* XCRemoteSwiftPackageReference "firebase-ios-sdk" */;
			productName = FirebaseFunctions;
		};
		AAD10A072A0570C000DB02E3 /* FirebaseMessaging */ = {
			isa = XCSwiftPackageProductDependency;
			package = AAD109FE2A0570C000DB02E3 /* XCRemoteSwiftPackageReference "firebase-ios-sdk" */;
			productName = FirebaseMessaging;
		};
		AAD10A092A0570C000DB02E3 /* FirebaseStorage */ = {
			isa = XCSwiftPackageProductDependency;
			package = AAD109FE2A0570C000DB02E3 /* XCRemoteSwiftPackageReference "firebase-ios-sdk" */;
			productName = FirebaseStorage;
		};
/* End XCSwiftPackageProductDependency section */
	};
	rootObject = AA4BB32529FCBB8D00F10479 /* Project object */;
}
